
Microsoft Visual Studio Solution File, Format Version 12.00
# Visual Studio Version 17
VisualStudioVersion = 17.3.32929.385
MinimumVisualStudioVersion = 10.0.40219.1
Project("{FAE04EC0-301F-11D3-BF4B-00C04F79EFBC}") = "UserInterface", "UserInterface\UserInterface.csproj", "{88F9800C-6DEE-4D10-8CEB-ACFB5A7469D0}"
EndProject
Global
	GlobalSection(SolutionConfigurationPlatforms) = preSolution
		Debug|Any CPU = Debug|Any CPU
		Release|Any CPU = Release|Any CPU
	EndGlobalSection
	GlobalSection(ProjectConfigurationPlatforms) = postSolution
		{88F9800C-6DEE-4D10-8CEB-ACFB5A7469D0}.Debug|Any CPU.ActiveCfg = Debug|Any CPU
		{88F9800C-6DEE-4D10-8CEB-ACFB5A7469D0}.Debug|Any CPU.Build.0 = Debug|Any CPU
		{88F9800C-6DEE-4D10-8CEB-ACFB5A7469D0}.Release|Any CPU.ActiveCfg = Release|Any CPU
		{88F9800C-6DEE-4D10-8CEB-ACFB5A7469D0}.Release|Any CPU.Build.0 = Release|Any CPU
	EndGlobalSection
	GlobalSection(SolutionProperties) = preSolution
		HideSolutionNode = FALSE
	EndGlobalSection
	GlobalSection(ExtensibilityGlobals) = postSolution
		SolutionGuid = {BD596CAC-D85A-471B-A821-FD89739E4D57}
	EndGlobalSection
EndGlobal
